<Solution>
  <Project Path="Zarpa.Api.Tests/Zarpa.Api.Tests.csproj" />
  <Project Path="Zarpa.Api/Zarpa.Api.csproj" />
  <Project Path="Zarpa.ApiClient/Zarpa.ApiClient.csproj" />
  <Project Path="Zarpa.Client/Zarpa.Client.csproj">
    <Deploy Solution="Debug|*" />
  </Project>
  <Project Path="Zarpa.Shared/Zarpa.Shared.csproj" />
  <Project Path="Zarpa.Web/Zarpa.Web.csproj" />
</Solution>
